// !$*UTF8*$!
{
	archiveVersion = 1;
	classes = {
	};
	objectVersion = 46;
	objects = {

/* Begin PBXBuildFile section */
		A4D8C9071B81C01F0014FDB7 /* main.m in Sources */ = {isa = PBXBuildFile; fileRef = A4D8C9061B81C01F0014FDB7 /* main.m */; };
		A4D8C90A1B81C01F0014FDB7 /* AppDelegate.m in Sources */ = {isa = PBXBuildFile; fileRef = A4D8C9091B81C01F0014FDB7 /* AppDelegate.m */; };
		A4D8C90D1B81C01F0014FDB7 /* ViewController.m in Sources */ = {isa = PBXBuildFile; fileRef = A4D8C90C1B81C01F0014FDB7 /* ViewController.m */; };
		A4D8C9101B81C01F0014FDB7 /* Main.storyboard in Resources */ = {isa = PBXBuildFile; fileRef = A4D8C90E1B81C01F0014FDB7 /* Main.storyboard */; };
		A4D8C9121B81C01F0014FDB7 /* Images.xcassets in Resources */ = {isa = PBXBuildFile; fileRef = A4D8C9111B81C01F0014FDB7 /* Images.xcassets */; };
		A4D8C9151B81C01F0014FDB7 /* LaunchScreen.xib in Resources */ = {isa = PBXBuildFile; fileRef = A4D8C9131B81C01F0014FDB7 /* LaunchScreen.xib */; };
		A4D8C9211B81C01F0014FDB7 /* StarRatingView_DemoTests.m in Sources */ = {isa = PBXBuildFile; fileRef = A4D8C9201B81C01F0014FDB7 /* StarRatingView_DemoTests.m */; };
		A4D8C92F1B81C0960014FDB7 /* icon_star_gray.png in Resources */ = {isa = PBXBuildFile; fileRef = A4D8C92B1B81C0960014FDB7 /* icon_star_gray.png */; };
		A4D8C9301B81C0960014FDB7 /* icon_star_highlight.png in Resources */ = {isa = PBXBuildFile; fileRef = A4D8C92C1B81C0960014FDB7 /* icon_star_highlight.png */; };
		A4D8C9311B81C0960014FDB7 /* StarRatingView.m in Sources */ = {isa = PBXBuildFile; fileRef = A4D8C92E1B81C0960014FDB7 /* StarRatingView.m */; };
/* End PBXBuildFile section */

/* Begin PBXContainerItemProxy section */
		A4D8C91B1B81C01F0014FDB7 /* PBXContainerItemProxy */ = {
			isa = PBXContainerItemProxy;
			containerPortal = A4D8C8F91B81C01F0014FDB7 /* Project object */;
			proxyType = 1;
			remoteGlobalIDString = A4D8C9001B81C01F0014FDB7;
			remoteInfo = StarRatingView_Demo;
		};
/* End PBXContainerItemProxy section */

/* Begin PBXFileReference section */
		A4D8C9011B81C01F0014FDB7 /* StarRatingView_Demo.app */ = {isa = PBXFileReference; explicitFileType = wrapper.application; includeInIndex = 0; path = StarRatingView_Demo.app; sourceTree = BUILT_PRODUCTS_DIR; };
		A4D8C9051B81C01F0014FDB7 /* Info.plist */ = {isa = PBXFileReference; lastKnownFileType = text.plist.xml; path = Info.plist; sourceTree = "<group>"; };
		A4D8C9061B81C01F0014FDB7 /* main.m */ = {isa = PBXFileReference; lastKnownFileType = sourcecode.c.objc; path = main.m; sourceTree = "<group>"; };
		A4D8C9081B81C01F0014FDB7 /* AppDelegate.h */ = {isa = PBXFileReference; lastKnownFileType = sourcecode.c.h; path = AppDelegate.h; sourceTree = "<group>"; };
		A4D8C9091B81C01F0014FDB7 /* AppDelegate.m */ = {isa = PBXFileReference; lastKnownFileType = sourcecode.c.objc; path = AppDelegate.m; sourceTree = "<group>"; };
		A4D8C90B1B81C01F0014FDB7 /* ViewController.h */ = {isa = PBXFileReference; lastKnownFileType = sourcecode.c.h; path = ViewController.h; sourceTree = "<group>"; };
		A4D8C90C1B81C01F0014FDB7 /* ViewController.m */ = {isa = PBXFileReference; lastKnownFileType = sourcecode.c.objc; path = ViewController.m; sourceTree = "<group>"; };
		A4D8C90F1B81C01F0014FDB7 /* Base */ = {isa = PBXFileReference; lastKnownFileType = file.storyboard; name = Base; path = Base.lproj/Main.storyboard; sourceTree = "<group>"; };
		A4D8C9111B81C01F0014FDB7 /* Images.xcassets */ = {isa = PBXFileReference; lastKnownFileType = folder.assetcatalog; path = Images.xcassets; sourceTree = "<group>"; };
		A4D8C9141B81C01F0014FDB7 /* Base */ = {isa = PBXFileReference; lastKnownFileType = file.xib; name = Base; path = Base.lproj/LaunchScreen.xib; sourceTree = "<group>"; };
		A4D8C91A1B81C01F0014FDB7 /* StarRatingView_DemoTests.xctest */ = {isa = PBXFileReference; explicitFileType = wrapper.cfbundle; includeInIndex = 0; path = StarRatingView_DemoTests.xctest; sourceTree = BUILT_PRODUCTS_DIR; };
		A4D8C91F1B81C01F0014FDB7 /* Info.plist */ = {isa = PBXFileReference; lastKnownFileType = text.plist.xml; path = Info.plist; sourceTree = "<group>"; };
		A4D8C9201B81C01F0014FDB7 /* StarRatingView_DemoTests.m */ = {isa = PBXFileReference; lastKnownFileType = sourcecode.c.objc; path = StarRatingView_DemoTests.m; sourceTree = "<group>"; };
		A4D8C92B1B81C0960014FDB7 /* icon_star_gray.png */ = {isa = PBXFileReference; lastKnownFileType = image.png; path = icon_star_gray.png; sourceTree = "<group>"; };
		A4D8C92C1B81C0960014FDB7 /* icon_star_highlight.png */ = {isa = PBXFileReference; lastKnownFileType = image.png; path = icon_star_highlight.png; sourceTree = "<group>"; };
		A4D8C92D1B81C0960014FDB7 /* StarRatingView.h */ = {isa = PBXFileReference; fileEncoding = 4; lastKnownFileType = sourcecode.c.h; path = StarRatingView.h; sourceTree = "<group>"; };
		A4D8C92E1B81C0960014FDB7 /* StarRatingView.m */ = {isa = PBXFileReference; fileEncoding = 4; lastKnownFileType = sourcecode.c.objc; path = StarRatingView.m; sourceTree = "<group>"; };
/* End PBXFileReference section */

/* Begin PBXFrameworksBuildPhase section */
		A4D8C8FE1B81C01F0014FDB7 /* Frameworks */ = {
			isa = PBXFrameworksBuildPhase;
			buildActionMask = 2147483647;
			files = (
			);
			runOnlyForDeploymentPostprocessing = 0;
		};
		A4D8C9171B81C01F0014FDB7 /* Frameworks */ = {
			isa = PBXFrameworksBuildPhase;
			buildActionMask = 2147483647;
			files = (
			);
			runOnlyForDeploymentPostprocessing = 0;
		};
/* End PBXFrameworksBuildPhase section */

/* Begin PBXGroup section */
		A4D8C8F81B81C01F0014FDB7 = {
			isa = PBXGroup;
			children = (
				A4D8C9031B81C01F0014FDB7 /* StarRatingView_Demo */,
				A4D8C91D1B81C01F0014FDB7 /* StarRatingView_DemoTests */,
				A4D8C9021B81C01F0014FDB7 /* Products */,
			);
			sourceTree = "<group>";
		};
		A4D8C9021B81C01F0014FDB7 /* Products */ = {
			isa = PBXGroup;
			children = (
				A4D8C9011B81C01F0014FDB7 /* StarRatingView_Demo.app */,
				A4D8C91A1B81C01F0014FDB7 /* StarRatingView_DemoTests.xctest */,
			);
			name = Products;
			sourceTree = "<group>";
		};
		A4D8C9031B81C01F0014FDB7 /* StarRatingView_Demo */ = {
			isa = PBXGroup;
			children = (
				A4D8C92A1B81C05D0014FDB7 /* StarRatingView */,
				A4D8C9081B81C01F0014FDB7 /* AppDelegate.h */,
				A4D8C9091B81C01F0014FDB7 /* AppDelegate.m */,
				A4D8C90B1B81C01F0014FDB7 /* ViewController.h */,
				A4D8C90C1B81C01F0014FDB7 /* ViewController.m */,
				A4D8C90E1B81C01F0014FDB7 /* Main.storyboard */,
				A4D8C9111B81C01F0014FDB7 /* Images.xcassets */,
				A4D8C9131B81C01F0014FDB7 /* LaunchScreen.xib */,
				A4D8C9041B81C01F0014FDB7 /* Supporting Files */,
			);
			path = StarRatingView_Demo;
			sourceTree = "<group>";
		};
		A4D8C9041B81C01F0014FDB7 /* Supporting Files */ = {
			isa = PBXGroup;
			children = (
				A4D8C9051B81C01F0014FDB7 /* Info.plist */,
				A4D8C9061B81C01F0014FDB7 /* main.m */,
			);
			name = "Supporting Files";
			sourceTree = "<group>";
		};
		A4D8C91D1B81C01F0014FDB7 /* StarRatingView_DemoTests */ = {
			isa = PBXGroup;
			children = (
				A4D8C9201B81C01F0014FDB7 /* StarRatingView_DemoTests.m */,
				A4D8C91E1B81C01F0014FDB7 /* Supporting Files */,
			);
			path = StarRatingView_DemoTests;
			sourceTree = "<group>";
		};
		A4D8C91E1B81C01F0014FDB7 /* Supporting Files */ = {
			isa = PBXGroup;
			children = (
				A4D8C91F1B81C01F0014FDB7 /* Info.plist */,
			);
			name = "Supporting Files";
			sourceTree = "<group>";
		};
		A4D8C92A1B81C05D0014FDB7 /* StarRatingView */ = {
			isa = PBXGroup;
			children = (
				A4D8C92B1B81C0960014FDB7 /* icon_star_gray.png */,
				A4D8C92C1B81C0960014FDB7 /* icon_star_highlight.png */,
				A4D8C92D1B81C0960014FDB7 /* StarRatingView.h */,
				A4D8C92E1B81C0960014FDB7 /* StarRatingView.m */,
			);
			name = StarRatingView;
			sourceTree = "<group>";
		};
/* End PBXGroup section */

/* Begin PBXNativeTarget section */
		A4D8C9001B81C01F0014FDB7 /* StarRatingView_Demo */ = {
			isa = PBXNativeTarget;
			buildConfigurationList = A4D8C9241B81C01F0014FDB7 /* Build configuration list for PBXNativeTarget "StarRatingView_Demo" */;
			buildPhases = (
				A4D8C8FD1B81C01F0014FDB7 /* Sources */,
				A4D8C8FE1B81C01F0014FDB7 /* Frameworks */,
				A4D8C8FF1B81C01F0014FDB7 /* Resources */,
			);
			buildRules = (
			);
			dependencies = (
			);
			name = StarRatingView_Demo;
			productName = StarRatingView_Demo;
			productReference = A4D8C9011B81C01F0014FDB7 /* StarRatingView_Demo.app */;
			productType = "com.apple.product-type.application";
		};
		A4D8C9191B81C01F0014FDB7 /* StarRatingView_DemoTests */ = {
			isa = PBXNativeTarget;
			buildConfigurationList = A4D8C9271B81C01F0014FDB7 /* Build configuration list for PBXNativeTarget "StarRatingView_DemoTests" */;
			buildPhases = (
				A4D8C9161B81C01F0014FDB7 /* Sources */,
				A4D8C9171B81C01F0014FDB7 /* Frameworks */,
				A4D8C9181B81C01F0014FDB7 /* Resources */,
			);
			buildRules = (
			);
			dependencies = (
				A4D8C91C1B81C01F0014FDB7 /* PBXTargetDependency */,
			);
			name = StarRatingView_DemoTests;
			productName = StarRatingView_DemoTests;
			productReference = A4D8C91A1B81C01F0014FDB7 /* StarRatingView_DemoTests.xctest */;
			productType = "com.apple.product-type.bundle.unit-test";
		};
/* End PBXNativeTarget section */

/* Begin PBXProject section */
		A4D8C8F91B81C01F0014FDB7 /* Project object */ = {
			isa = PBXProject;
			attributes = {
				LastUpgradeCheck = 0630;
				ORGANIZATIONNAME = fifila;
				TargetAttributes = {
					A4D8C9001B81C01F0014FDB7 = {
						CreatedOnToolsVersion = 6.3.2;
					};
					A4D8C9191B81C01F0014FDB7 = {
						CreatedOnToolsVersion = 6.3.2;
						TestTargetID = A4D8C9001B81C01F0014FDB7;
					};
				};
			};
			buildConfigurationList = A4D8C8FC1B81C01F0014FDB7 /* Build configuration list for PBXProject "StarRatingView_Demo" */;
			compatibilityVersion = "Xcode 3.2";
			developmentRegion = English;
			hasScannedForEncodings = 0;
			knownRegions = (
				en,
				Base,
			);
			mainGroup = A4D8C8F81B81C01F0014FDB7;
			productRefGroup = A4D8C9021B81C01F0014FDB7 /* Products */;
			projectDirPath = "";
			projectRoot = "";
			targets = (
				A4D8C9001B81C01F0014FDB7 /* StarRatingView_Demo */,
				A4D8C9191B81C01F0014FDB7 /* StarRatingView_DemoTests */,
			);
		};
/* End PBXProject section */

/* Begin PBXResourcesBuildPhase section */
		A4D8C8FF1B81C01F0014FDB7 /* Resources */ = {
			isa = PBXResourcesBuildPhase;
			buildActionMask = 2147483647;
			files = (
				A4D8C9101B81C01F0014FDB7 /* Main.storyboard in Resources */,
				A4D8C92F1B81C0960014FDB7 /* icon_star_gray.png in Resources */,
				A4D8C9151B81C01F0014FDB7 /* LaunchScreen.xib in Resources */,
				A4D8C9301B81C0960014FDB7 /* icon_star_highlight.png in Resources */,
				A4D8C9121B81C01F0014FDB7 /* Images.xcassets in Resources */,
			);
			runOnlyForDeploymentPostprocessing = 0;
		};
		A4D8C9181B81C01F0014FDB7 /* Resources */ = {
			isa = PBXResourcesBuildPhase;
			buildActionMask = 2147483647;
			files = (
			);
			runOnlyForDeploymentPostprocessing = 0;
		};
/* End PBXResourcesBuildPhase section */

/* Begin PBXSourcesBuildPhase section */
		A4D8C8FD1B81C01F0014FDB7 /* Sources */ = {
			isa = PBXSourcesBuildPhase;
			buildActionMask = 2147483647;
			files = (
				A4D8C90D1B81C01F0014FDB7 /* ViewController.m in Sources */,
				A4D8C9311B81C0960014FDB7 /* StarRatingView.m in Sources */,
				A4D8C90A1B81C01F0014FDB7 /* AppDelegate.m in Sources */,
				A4D8C9071B81C01F0014FDB7 /* main.m in Sources */,
			);
			runOnlyForDeploymentPostprocessing = 0;
		};
		A4D8C9161B81C01F0014FDB7 /* Sources */ = {
			isa = PBXSourcesBuildPhase;
			buildActionMask = 2147483647;
			files = (
				A4D8C9211B81C01F0014FDB7 /* StarRatingView_DemoTests.m in Sources */,
			);
			runOnlyForDeploymentPostprocessing = 0;
		};
/* End PBXSourcesBuildPhase section */

/* Begin PBXTargetDependency section */
		A4D8C91C1B81C01F0014FDB7 /* PBXTargetDependency */ = {
			isa = PBXTargetDependency;
			target = A4D8C9001B81C01F0014FDB7 /* StarRatingView_Demo */;
			targetProxy = A4D8C91B1B81C01F0014FDB7 /* PBXContainerItemProxy */;
		};
/* End PBXTargetDependency section */

/* Begin PBXVariantGroup section */
		A4D8C90E1B81C01F0014FDB7 /* Main.storyboard */ = {
			isa = PBXVariantGroup;
			children = (
				A4D8C90F1B81C01F0014FDB7 /* Base */,
			);
			name = Main.storyboard;
			sourceTree = "<group>";
		};
		A4D8C9131B81C01F0014FDB7 /* LaunchScreen.xib */ = {
			isa = PBXVariantGroup;
			children = (
				A4D8C9141B81C01F0014FDB7 /* Base */,
			);
			name = LaunchScreen.xib;
			sourceTree = "<group>";
		};
/* End PBXVariantGroup section */

/* Begin XCBuildConfiguration section */
		A4D8C9221B81C01F0014FDB7 /* Debug */ = {
			isa = XCBuildConfiguration;
			buildSettings = {
				ALWAYS_SEARCH_USER_PATHS = NO;
				CLANG_CXX_LANGUAGE_STANDARD = "gnu++0x";
				CLANG_CXX_LIBRARY = "libc++";
				CLANG_ENABLE_MODULES = YES;
				CLANG_ENABLE_OBJC_ARC = YES;
				CLANG_WARN_BOOL_CONVERSION = YES;
				CLANG_WARN_CONSTANT_CONVERSION = YES;
				CLANG_WARN_DIRECT_OBJC_ISA_USAGE = YES_ERROR;
				CLANG_WARN_EMPTY_BODY = YES;
				CLANG_WARN_ENUM_CONVERSION = YES;
				CLANG_WARN_INT_CONVERSION = YES;
				CLANG_WARN_OBJC_ROOT_CLASS = YES_ERROR;
				CLANG_WARN_UNREACHABLE_CODE = YES;
				CLANG_WARN__DUPLICATE_METHOD_MATCH = YES;
				"CODE_SIGN_IDENTITY[sdk=iphoneos*]" = "iPhone Developer";
				COPY_PHASE_STRIP = NO;
				DEBUG_INFORMATION_FORMAT = "dwarf-with-dsym";
				ENABLE_STRICT_OBJC_MSGSEND = YES;
				GCC_C_LANGUAGE_STANDARD = gnu99;
				GCC_DYNAMIC_NO_PIC = NO;
				GCC_NO_COMMON_BLOCKS = YES;
				GCC_OPTIMIZATION_LEVEL = 0;
				GCC_PREPROCESSOR_DEFINITIONS = (
					"DEBUG=1",
					"$(inherited)",
				);
				GCC_SYMBOLS_PRIVATE_EXTERN = NO;
				GCC_WARN_64_TO_32_BIT_CONVERSION = YES;
				GCC_WARN_ABOUT_RETURN_TYPE = YES_ERROR;
				GCC_WARN_UNDECLARED_SELECTOR = YES;
				GCC_WARN_UNINITIALIZED_AUTOS = YES_AGGRESSIVE;
				GCC_WARN_UNUSED_FUNCTION = YES;
				GCC_WARN_UNUSED_VARIABLE = YES;
				IPHONEOS_DEPLOYMENT_TARGET = 8.3;
				MTL_ENABLE_DEBUG_INFO = YES;
				ONLY_ACTIVE_ARCH = YES;
				SDKROOT = iphoneos;
			};
			name = Debug;
		};
		A4D8C9231B81C01F0014FDB7 /* Release */ = {
			isa = XCBuildConfiguration;
			buildSettings = {
				ALWAYS_SEARCH_USER_PATHS = NO;
				CLANG_CXX_LANGUAGE_STANDARD = "gnu++0x";
				CLANG_CXX_LIBRARY = "libc++";
				CLANG_ENABLE_MODULES = YES;
				CLANG_ENABLE_OBJC_ARC = YES;
				CLANG_WARN_BOOL_CONVERSION = YES;
				CLANG_WARN_CONSTANT_CONVERSION = YES;
				CLANG_WARN_DIRECT_OBJC_ISA_USAGE = YES_ERROR;
				CLANG_WARN_EMPTY_BODY = YES;
				CLANG_WARN_ENUM_CONVERSION = YES;
				CLANG_WARN_INT_CONVERSION = YES;
				CLANG_WARN_OBJC_ROOT_CLASS = YES_ERROR;
				CLANG_WARN_UNREACHABLE_CODE = YES;
				CLANG_WARN__DUPLICATE_METHOD_MATCH = YES;
				"CODE_SIGN_IDENTITY[sdk=iphoneos*]" = "iPhone Developer";
				COPY_PHASE_STRIP = NO;
				DEBUG_INFORMATION_FORMAT = "dwarf-with-dsym";
				ENABLE_NS_ASSERTIONS = NO;
				ENABLE_STRICT_OBJC_MSGSEND = YES;
				GCC_C_LANGUAGE_STANDARD = gnu99;
				GCC_NO_COMMON_BLOCKS = YES;
				GCC_WARN_64_TO_32_BIT_CONVERSION = YES;
				GCC_WARN_ABOUT_RETURN_TYPE = YES_ERROR;
				GCC_WARN_UNDECLARED_SELECTOR = YES;
				GCC_WARN_UNINITIALIZED_AUTOS = YES_AGGRESSIVE;
				GCC_WARN_UNUSED_FUNCTION = YES;
				GCC_WARN_UNUSED_VARIABLE = YES;
				IPHONEOS_DEPLOYMENT_TARGET = 8.3;
				MTL_ENABLE_DEBUG_INFO = NO;
				SDKROOT = iphoneos;
				VALIDATE_PRODUCT = YES;
			};
			name = Release;
		};
		A4D8C9251B81C01F0014FDB7 /* Debug */ = {
			isa = XCBuildConfiguration;
			buildSettings = {
				ASSETCATALOG_COMPILER_APPICON_NAME = AppIcon;
				INFOPLIST_FILE = StarRatingView_Demo/Info.plist;
				LD_RUNPATH_SEARCH_PATHS = "$(inherited) @executable_path/Frameworks";
				PRODUCT_NAME = "$(TARGET_NAME)";
			};
			name = Debug;
		};
		A4D8C9261B81C01F0014FDB7 /* Release */ = {
			isa = XCBuildConfiguration;
			buildSettings = {
				ASSETCATALOG_COMPILER_APPICON_NAME = AppIcon;
				INFOPLIST_FILE = StarRatingView_Demo/Info.plist;
				LD_RUNPATH_SEARCH_PATHS = "$(inherited) @executable_path/Frameworks";
				PRODUCT_NAME = "$(TARGET_NAME)";
			};
			name = Release;
		};
		A4D8C9281B81C01F0014FDB7 /* Debug */ = {
			isa = XCBuildConfiguration;
			buildSettings = {
				BUNDLE_LOADER = "$(TEST_HOST)";
				FRAMEWORK_SEARCH_PATHS = (
					"$(SDKROOT)/Developer/Library/Frameworks",
					"$(inherited)",
				);
				GCC_PREPROCESSOR_DEFINITIONS = (
					"DEBUG=1",
					"$(inherited)",
				);
				INFOPLIST_FILE = StarRatingView_DemoTests/Info.plist;
				LD_RUNPATH_SEARCH_PATHS = "$(inherited) @executable_path/Frameworks @loader_path/Frameworks";
				PRODUCT_NAME = "$(TARGET_NAME)";
				TEST_HOST = "$(BUILT_PRODUCTS_DIR)/StarRatingView_Demo.app/StarRatingView_Demo";
			};
			name = Debug;
		};
		A4D8C9291B81C01F0014FDB7 /* Release */ = {
			isa = XCBuildConfiguration;
			buildSettings = {
				BUNDLE_LOADER = "$(TEST_HOST)";
				FRAMEWORK_SEARCH_PATHS = (
					"$(SDKROOT)/Developer/Library/Frameworks",
					"$(inherited)",
				);
				INFOPLIST_FILE = StarRatingView_DemoTests/Info.plist;
				LD_RUNPATH_SEARCH_PATHS = "$(inherited) @executable_path/Frameworks @loader_path/Frameworks";
				PRODUCT_NAME = "$(TARGET_NAME)";
				TEST_HOST = "$(BUILT_PRODUCTS_DIR)/StarRatingView_Demo.app/StarRatingView_Demo";
			};
			name = Release;
		};
/* End XCBuildConfiguration section */

/* Begin XCConfigurationList section */
		A4D8C8FC1B81C01F0014FDB7 /* Build configuration list for PBXProject "StarRatingView_Demo" */ = {
			isa = XCConfigurationList;
			buildConfigurations = (
				A4D8C9221B81C01F0014FDB7 /* Debug */,
				A4D8C9231B81C01F0014FDB7 /* Release */,
			);
			defaultConfigurationIsVisible = 0;
			defaultConfigurationName = Release;
		};
		A4D8C9241B81C01F0014FDB7 /* Build configuration list for PBXNativeTarget "StarRatingView_Demo" */ = {
			isa = XCConfigurationList;
			buildConfigurations = (
				A4D8C9251B81C01F0014FDB7 /* Debug */,
				A4D8C9261B81C01F0014FDB7 /* Release */,
			);
			defaultConfigurationIsVisible = 0;
		};
		A4D8C9271B81C01F0014FDB7 /* Build configuration list for PBXNativeTarget "StarRatingView_DemoTests" */ = {
			isa = XCConfigurationList;
			buildConfigurations = (
				A4D8C9281B81C01F0014FDB7 /* Debug */,
				A4D8C9291B81C01F0014FDB7 /* Release */,
			);
			defaultConfigurationIsVisible = 0;
		};
/* End XCConfigurationList section */
	};
	rootObject = A4D8C8F91B81C01F0014FDB7 /* Project object */;
}
